
Microsoft Visual Studio Solution File, Format Version 12.00
# Visual Studio 2013
VisualStudioVersion = 12.0.30110.0
MinimumVisualStudioVersion = 10.0.40219.1
Project("{FAE04EC0-301F-11D3-BF4B-00C04F79EFBC}") = "DoFactoryDesignPatterns", "DoFactoryDesignPatterns\DoFactoryDesignPatterns.csproj", "{EDC76D81-D2D5-4E59-AA0D-E1174D2BB876}"
EndProject
Project("{FAE04EC0-301F-11D3-BF4B-00C04F79EFBC}") = "Structural.Bridge", "Structural.Bridge\Structural.Bridge.csproj", "{2E9B651C-BF24-4BB5-BA0A-768DB85BE340}"
EndProject
Project("{FAE04EC0-301F-11D3-BF4B-00C04F79EFBC}") = "Structural.Composite", "Structural.Composite\Structural.Composite.csproj", "{6D3661F7-6121-4E11-9DD0-C64D81DD66BE}"
EndProject
Global
	GlobalSection(SolutionConfigurationPlatforms) = preSolution
		Debug|Any CPU = Debug|Any CPU
		Release|Any CPU = Release|Any CPU
	EndGlobalSection
	GlobalSection(ProjectConfigurationPlatforms) = postSolution
		{EDC76D81-D2D5-4E59-AA0D-E1174D2BB876}.Debug|Any CPU.ActiveCfg = Debug|Any CPU
		{EDC76D81-D2D5-4E59-AA0D-E1174D2BB876}.Debug|Any CPU.Build.0 = Debug|Any CPU
		{EDC76D81-D2D5-4E59-AA0D-E1174D2BB876}.Release|Any CPU.ActiveCfg = Release|Any CPU
		{EDC76D81-D2D5-4E59-AA0D-E1174D2BB876}.Release|Any CPU.Build.0 = Release|Any CPU
		{2E9B651C-BF24-4BB5-BA0A-768DB85BE340}.Debug|Any CPU.ActiveCfg = Debug|Any CPU
		{2E9B651C-BF24-4BB5-BA0A-768DB85BE340}.Debug|Any CPU.Build.0 = Debug|Any CPU
		{2E9B651C-BF24-4BB5-BA0A-768DB85BE340}.Release|Any CPU.ActiveCfg = Release|Any CPU
		{2E9B651C-BF24-4BB5-BA0A-768DB85BE340}.Release|Any CPU.Build.0 = Release|Any CPU
		{6D3661F7-6121-4E11-9DD0-C64D81DD66BE}.Debug|Any CPU.ActiveCfg = Debug|Any CPU
		{6D3661F7-6121-4E11-9DD0-C64D81DD66BE}.Debug|Any CPU.Build.0 = Debug|Any CPU
		{6D3661F7-6121-4E11-9DD0-C64D81DD66BE}.Release|Any CPU.ActiveCfg = Release|Any CPU
		{6D3661F7-6121-4E11-9DD0-C64D81DD66BE}.Release|Any CPU.Build.0 = Release|Any CPU
	EndGlobalSection
	GlobalSection(SolutionProperties) = preSolution
		HideSolutionNode = FALSE
	EndGlobalSection
EndGlobal
