
Microsoft Visual Studio Solution File, Format Version 12.00
# Visual Studio 2013
VisualStudioVersion = 12.0.30110.0
MinimumVisualStudioVersion = 10.0.40219.1
Project("{FAE04EC0-301F-11D3-BF4B-00C04F79EFBC}") = "DoFactoryDesignPatterns", "DoFactoryDesignPatterns\DoFactoryDesignPatterns.csproj", "{EDC76D81-D2D5-4E59-AA0D-E1174D2BB876}"
EndProject
Project("{FAE04EC0-301F-11D3-BF4B-00C04F79EFBC}") = "Structural.Bridge", "Structural.Bridge\Structural.Bridge.csproj", "{2E9B651C-BF24-4BB5-BA0A-768DB85BE340}"
EndProject
Project("{FAE04EC0-301F-11D3-BF4B-00C04F79EFBC}") = "Structural.Composite", "Structural.Composite\Structural.Composite.csproj", "{6D3661F7-6121-4E11-9DD0-C64D81DD66BE}"
EndProject
Project("{FAE04EC0-301F-11D3-BF4B-00C04F79EFBC}") = "Structural.Decorator", "Structural.Decorator\Structural.Decorator.csproj", "{2A5F9A94-BD13-4BFF-A39D-A115B2DD06E1}"
EndProject
Project("{FAE04EC0-301F-11D3-BF4B-00C04F79EFBC}") = "Structural.Facade", "Structural.Facade\Structural.Facade.csproj", "{9D2A162B-C1E0-4675-864D-323D8F3955DE}"
EndProject
Project("{FAE04EC0-301F-11D3-BF4B-00C04F79EFBC}") = "Structural.Flyweight", "Structural.Flyweight\Structural.Flyweight.csproj", "{FC2D7E64-22D4-4B5B-9780-AB076EC960D4}"
EndProject
Project("{FAE04EC0-301F-11D3-BF4B-00C04F79EFBC}") = "Structural.Proxy", "Structural.Proxy\Structural.Proxy.csproj", "{FDF6BD66-0B55-4537-9768-B0C16637F81E}"
EndProject
Project("{FAE04EC0-301F-11D3-BF4B-00C04F79EFBC}") = "Behavioral.ChainOfResponsibility", "Behavioral.ChainOfResponsibility\Behavioral.ChainOfResponsibility.csproj", "{445D82EF-7ABC-454D-AE07-53B0C26E2AD0}"
EndProject
Project("{FAE04EC0-301F-11D3-BF4B-00C04F79EFBC}") = "Behavioral.Command", "Behavioral.Command\Behavioral.Command.csproj", "{4B0C0D14-EEAE-46A4-8554-9112318C46BE}"
EndProject
Project("{FAE04EC0-301F-11D3-BF4B-00C04F79EFBC}") = "Behavioral.Interpreter", "Behavioral.Interpreter\Behavioral.Interpreter.csproj", "{85308CF9-8164-490F-9349-E1A54EABB072}"
EndProject
Project("{FAE04EC0-301F-11D3-BF4B-00C04F79EFBC}") = "Behavioral.Iterator", "Behavioral.Iterator\Behavioral.Iterator.csproj", "{439A5242-ADA0-434A-9131-FD1D2AA9B5DF}"
EndProject
Project("{FAE04EC0-301F-11D3-BF4B-00C04F79EFBC}") = "Behavioral.Mediator", "Behavioral.Mediator\Behavioral.Mediator.csproj", "{21E841A6-04DF-4949-A781-A53A4DEEDC7E}"
EndProject
Global
	GlobalSection(SolutionConfigurationPlatforms) = preSolution
		Debug|Any CPU = Debug|Any CPU
		Release|Any CPU = Release|Any CPU
	EndGlobalSection
	GlobalSection(ProjectConfigurationPlatforms) = postSolution
		{EDC76D81-D2D5-4E59-AA0D-E1174D2BB876}.Debug|Any CPU.ActiveCfg = Debug|Any CPU
		{EDC76D81-D2D5-4E59-AA0D-E1174D2BB876}.Debug|Any CPU.Build.0 = Debug|Any CPU
		{EDC76D81-D2D5-4E59-AA0D-E1174D2BB876}.Release|Any CPU.ActiveCfg = Release|Any CPU
		{EDC76D81-D2D5-4E59-AA0D-E1174D2BB876}.Release|Any CPU.Build.0 = Release|Any CPU
		{2E9B651C-BF24-4BB5-BA0A-768DB85BE340}.Debug|Any CPU.ActiveCfg = Debug|Any CPU
		{2E9B651C-BF24-4BB5-BA0A-768DB85BE340}.Debug|Any CPU.Build.0 = Debug|Any CPU
		{2E9B651C-BF24-4BB5-BA0A-768DB85BE340}.Release|Any CPU.ActiveCfg = Release|Any CPU
		{2E9B651C-BF24-4BB5-BA0A-768DB85BE340}.Release|Any CPU.Build.0 = Release|Any CPU
		{6D3661F7-6121-4E11-9DD0-C64D81DD66BE}.Debug|Any CPU.ActiveCfg = Debug|Any CPU
		{6D3661F7-6121-4E11-9DD0-C64D81DD66BE}.Debug|Any CPU.Build.0 = Debug|Any CPU
		{6D3661F7-6121-4E11-9DD0-C64D81DD66BE}.Release|Any CPU.ActiveCfg = Release|Any CPU
		{6D3661F7-6121-4E11-9DD0-C64D81DD66BE}.Release|Any CPU.Build.0 = Release|Any CPU
		{2A5F9A94-BD13-4BFF-A39D-A115B2DD06E1}.Debug|Any CPU.ActiveCfg = Debug|Any CPU
		{2A5F9A94-BD13-4BFF-A39D-A115B2DD06E1}.Debug|Any CPU.Build.0 = Debug|Any CPU
		{2A5F9A94-BD13-4BFF-A39D-A115B2DD06E1}.Release|Any CPU.ActiveCfg = Release|Any CPU
		{2A5F9A94-BD13-4BFF-A39D-A115B2DD06E1}.Release|Any CPU.Build.0 = Release|Any CPU
		{9D2A162B-C1E0-4675-864D-323D8F3955DE}.Debug|Any CPU.ActiveCfg = Debug|Any CPU
		{9D2A162B-C1E0-4675-864D-323D8F3955DE}.Debug|Any CPU.Build.0 = Debug|Any CPU
		{9D2A162B-C1E0-4675-864D-323D8F3955DE}.Release|Any CPU.ActiveCfg = Release|Any CPU
		{9D2A162B-C1E0-4675-864D-323D8F3955DE}.Release|Any CPU.Build.0 = Release|Any CPU
		{FC2D7E64-22D4-4B5B-9780-AB076EC960D4}.Debug|Any CPU.ActiveCfg = Debug|Any CPU
		{FC2D7E64-22D4-4B5B-9780-AB076EC960D4}.Debug|Any CPU.Build.0 = Debug|Any CPU
		{FC2D7E64-22D4-4B5B-9780-AB076EC960D4}.Release|Any CPU.ActiveCfg = Release|Any CPU
		{FC2D7E64-22D4-4B5B-9780-AB076EC960D4}.Release|Any CPU.Build.0 = Release|Any CPU
		{FDF6BD66-0B55-4537-9768-B0C16637F81E}.Debug|Any CPU.ActiveCfg = Debug|Any CPU
		{FDF6BD66-0B55-4537-9768-B0C16637F81E}.Debug|Any CPU.Build.0 = Debug|Any CPU
		{FDF6BD66-0B55-4537-9768-B0C16637F81E}.Release|Any CPU.ActiveCfg = Release|Any CPU
		{FDF6BD66-0B55-4537-9768-B0C16637F81E}.Release|Any CPU.Build.0 = Release|Any CPU
		{445D82EF-7ABC-454D-AE07-53B0C26E2AD0}.Debug|Any CPU.ActiveCfg = Debug|Any CPU
		{445D82EF-7ABC-454D-AE07-53B0C26E2AD0}.Debug|Any CPU.Build.0 = Debug|Any CPU
		{445D82EF-7ABC-454D-AE07-53B0C26E2AD0}.Release|Any CPU.ActiveCfg = Release|Any CPU
		{445D82EF-7ABC-454D-AE07-53B0C26E2AD0}.Release|Any CPU.Build.0 = Release|Any CPU
		{4B0C0D14-EEAE-46A4-8554-9112318C46BE}.Debug|Any CPU.ActiveCfg = Debug|Any CPU
		{4B0C0D14-EEAE-46A4-8554-9112318C46BE}.Debug|Any CPU.Build.0 = Debug|Any CPU
		{4B0C0D14-EEAE-46A4-8554-9112318C46BE}.Release|Any CPU.ActiveCfg = Release|Any CPU
		{4B0C0D14-EEAE-46A4-8554-9112318C46BE}.Release|Any CPU.Build.0 = Release|Any CPU
		{85308CF9-8164-490F-9349-E1A54EABB072}.Debug|Any CPU.ActiveCfg = Debug|Any CPU
		{85308CF9-8164-490F-9349-E1A54EABB072}.Debug|Any CPU.Build.0 = Debug|Any CPU
		{85308CF9-8164-490F-9349-E1A54EABB072}.Release|Any CPU.ActiveCfg = Release|Any CPU
		{85308CF9-8164-490F-9349-E1A54EABB072}.Release|Any CPU.Build.0 = Release|Any CPU
		{439A5242-ADA0-434A-9131-FD1D2AA9B5DF}.Debug|Any CPU.ActiveCfg = Debug|Any CPU
		{439A5242-ADA0-434A-9131-FD1D2AA9B5DF}.Debug|Any CPU.Build.0 = Debug|Any CPU
		{439A5242-ADA0-434A-9131-FD1D2AA9B5DF}.Release|Any CPU.ActiveCfg = Release|Any CPU
		{439A5242-ADA0-434A-9131-FD1D2AA9B5DF}.Release|Any CPU.Build.0 = Release|Any CPU
		{21E841A6-04DF-4949-A781-A53A4DEEDC7E}.Debug|Any CPU.ActiveCfg = Debug|Any CPU
		{21E841A6-04DF-4949-A781-A53A4DEEDC7E}.Debug|Any CPU.Build.0 = Debug|Any CPU
		{21E841A6-04DF-4949-A781-A53A4DEEDC7E}.Release|Any CPU.ActiveCfg = Release|Any CPU
		{21E841A6-04DF-4949-A781-A53A4DEEDC7E}.Release|Any CPU.Build.0 = Release|Any CPU
	EndGlobalSection
	GlobalSection(SolutionProperties) = preSolution
		HideSolutionNode = FALSE
	EndGlobalSection
EndGlobal
